
Microsoft Visual Studio Solution File, Format Version 12.00
# Visual Studio 15
VisualStudioVersion = 15.0.28010.2036
MinimumVisualStudioVersion = 10.0.40219.1
Project("{9A19103F-16F7-4668-BE54-9A1E7A4F7556}") = "Voxo.GoIpSmsServer", "Voxo.GoIpSmsServer\Voxo.GoIpSmsServer.csproj", "{A5524730-AEC2-45DB-97EA-B6B8921A0C84}"
EndProject
Project("{9A19103F-16F7-4668-BE54-9A1E7A4F7556}") = "GoIPSmsServerConsole.cs", "GoIPSmsServerConsole.cs\GoIPSmsServerConsole.cs.csproj", "{206AB002-FB1E-4CC3-9E4A-041B0AA2CDC0}"
EndProject
Global
	GlobalSection(SolutionConfigurationPlatforms) = preSolution
		Debug|Any CPU = Debug|Any CPU
		Release|Any CPU = Release|Any CPU
	EndGlobalSection
	GlobalSection(ProjectConfigurationPlatforms) = postSolution
		{A5524730-AEC2-45DB-97EA-B6B8921A0C84}.Debug|Any CPU.ActiveCfg = Debug|Any CPU
		{A5524730-AEC2-45DB-97EA-B6B8921A0C84}.Debug|Any CPU.Build.0 = Debug|Any CPU
		{A5524730-AEC2-45DB-97EA-B6B8921A0C84}.Release|Any CPU.ActiveCfg = Release|Any CPU
		{A5524730-AEC2-45DB-97EA-B6B8921A0C84}.Release|Any CPU.Build.0 = Release|Any CPU
		{206AB002-FB1E-4CC3-9E4A-041B0AA2CDC0}.Debug|Any CPU.ActiveCfg = Debug|Any CPU
		{206AB002-FB1E-4CC3-9E4A-041B0AA2CDC0}.Debug|Any CPU.Build.0 = Debug|Any CPU
		{206AB002-FB1E-4CC3-9E4A-041B0AA2CDC0}.Release|Any CPU.ActiveCfg = Release|Any CPU
		{206AB002-FB1E-4CC3-9E4A-041B0AA2CDC0}.Release|Any CPU.Build.0 = Release|Any CPU
	EndGlobalSection
	GlobalSection(SolutionProperties) = preSolution
		HideSolutionNode = FALSE
	EndGlobalSection
	GlobalSection(ExtensibilityGlobals) = postSolution
		SolutionGuid = {D35DEE33-F337-4336-8840-32C6B30A0FC5}
	EndGlobalSection
EndGlobal
